# THIS IS AN AUTOGENERATED FILE. DO NOT EDIT THIS FILE DIRECTLY.
# yarn lockfile v1


"@types/node@^8.0.27":
  version "8.0.30"
  resolved "https://registry.yarnpkg.com/@types/node/-/node-8.0.30.tgz#aa3c42946fc6357737eb215349fe728b38679d05"

bcrypt-nodejs@^0.0.3:
  version "0.0.3"
  resolved "https://registry.yarnpkg.com/bcrypt-nodejs/-/bcrypt-nodejs-0.0.3.tgz#c60917f26dc235661566c681061c303c2b28842b"

jwt-simple@^0.5.1:
  version "0.5.1"
  resolved "https://registry.yarnpkg.com/jwt-simple/-/jwt-simple-0.5.1.tgz#79ea01891b61de6b68e13e67c0b4b5bda937b294"

typescript@^2.1.4:
  version "2.5.2"
  resolved "https://registry.yarnpkg.com/typescript/-/typescript-2.5.2.tgz#038a95f7d9bbb420b1bf35ba31d4c5c1dd3ffe34"
